PODS:
  - GCDWebServer (3.4.2):
    - GCDWebServer/Core (= 3.4.2)
  - GCDWebServer/Core (3.4.2)

DEPENDENCIES:
  - GCDWebServer (~> 3.0)

SPEC REPOS:
  https://github.com/CocoaPods/Specs.git:
    - GCDWebServer

SPEC CHECKSUMS:
  GCDWebServer: 8d67ee9f634b4bb91eb4b8aee440318a5fc6debd

PODFILE CHECKSUM: b3505f0edf9e7b9452ffa5f0e1dede387e72d800

COCOAPODS: 1.5.0
