// !$*UTF8*$!
{
	archiveVersion = 1;
	classes = {
	};
	objectVersion = 50;
	objects = {

/* Begin PBXBuildFile section */
		A7F549D123CDE81E00A14B54 /* NotaWebViewExt.framework in Frameworks */ = {isa = PBXBuildFile; fileRef = A7F549C723CDE81E00A14B54 /* NotaWebViewExt.framework */; };
		A7F549D623CDE81E00A14B54 /* NotaWebViewExtTests.swift in Sources */ = {isa = PBXBuildFile; fileRef = A7F549D523CDE81E00A14B54 /* NotaWebViewExtTests.swift */; };
		A7F549D823CDE81E00A14B54 /* NotaWebViewExt.h in Headers */ = {isa = PBXBuildFile; fileRef = A7F549CA23CDE81E00A14B54 /* NotaWebViewExt.h */; settings = {ATTRIBUTES = (Public, ); }; };
		A7F549E423CDE8A700A14B54 /* Constants.swift in Sources */ = {isa = PBXBuildFile; fileRef = A7F549E323CDE8A700A14B54 /* Constants.swift */; };
		A7F549E623CDE8DE00A14B54 /* WKWebviewCustomSchemeHandler.swift in Sources */ = {isa = PBXBuildFile; fileRef = A7F549E523CDE8DE00A14B54 /* WKWebviewCustomSchemeHandler.swift */; };
/* End PBXBuildFile section */

/* Begin PBXContainerItemProxy section */
		A7F549D223CDE81E00A14B54 /* PBXContainerItemProxy */ = {
			isa = PBXContainerItemProxy;
			containerPortal = A7F549BE23CDE81E00A14B54 /* Project object */;
			proxyType = 1;
			remoteGlobalIDString = A7F549C623CDE81E00A14B54;
			remoteInfo = NotaWebViewExt;
		};
/* End PBXContainerItemProxy section */

/* Begin PBXFileReference section */
		A7F549C723CDE81E00A14B54 /* NotaWebViewExt.framework */ = {isa = PBXFileReference; explicitFileType = wrapper.framework; includeInIndex = 0; path = NotaWebViewExt.framework; sourceTree = BUILT_PRODUCTS_DIR; };
		A7F549CA23CDE81E00A14B54 /* NotaWebViewExt.h */ = {isa = PBXFileReference; lastKnownFileType = sourcecode.c.h; path = NotaWebViewExt.h; sourceTree = "<group>"; };
		A7F549CB23CDE81E00A14B54 /* Info.plist */ = {isa = PBXFileReference; lastKnownFileType = text.plist.xml; path = Info.plist; sourceTree = "<group>"; };
		A7F549D023CDE81E00A14B54 /* NotaWebViewExtTests.xctest */ = {isa = PBXFileReference; explicitFileType = wrapper.cfbundle; includeInIndex = 0; path = NotaWebViewExtTests.xctest; sourceTree = BUILT_PRODUCTS_DIR; };
		A7F549D523CDE81E00A14B54 /* NotaWebViewExtTests.swift */ = {isa = PBXFileReference; lastKnownFileType = sourcecode.swift; path = NotaWebViewExtTests.swift; sourceTree = "<group>"; };
		A7F549D723CDE81E00A14B54 /* Info.plist */ = {isa = PBXFileReference; lastKnownFileType = text.plist.xml; path = Info.plist; sourceTree = "<group>"; };
		A7F549E323CDE8A700A14B54 /* Constants.swift */ = {isa = PBXFileReference; lastKnownFileType = sourcecode.swift; path = Constants.swift; sourceTree = "<group>"; };
		A7F549E523CDE8DE00A14B54 /* WKWebviewCustomSchemeHandler.swift */ = {isa = PBXFileReference; lastKnownFileType = sourcecode.swift; path = WKWebviewCustomSchemeHandler.swift; sourceTree = "<group>"; };
/* End PBXFileReference section */

/* Begin PBXFrameworksBuildPhase section */
		A7F549C423CDE81E00A14B54 /* Frameworks */ = {
			isa = PBXFrameworksBuildPhase;
			buildActionMask = 2147483647;
			files = (
			);
			runOnlyForDeploymentPostprocessing = 0;
		};
		A7F549CD23CDE81E00A14B54 /* Frameworks */ = {
			isa = PBXFrameworksBuildPhase;
			buildActionMask = 2147483647;
			files = (
				A7F549D123CDE81E00A14B54 /* NotaWebViewExt.framework in Frameworks */,
			);
			runOnlyForDeploymentPostprocessing = 0;
		};
/* End PBXFrameworksBuildPhase section */

/* Begin PBXGroup section */
		A7F549BD23CDE81E00A14B54 = {
			isa = PBXGroup;
			children = (
				A7F549C923CDE81E00A14B54 /* NotaWebViewExt */,
				A7F549D423CDE81E00A14B54 /* NotaWebViewExtTests */,
				A7F549C823CDE81E00A14B54 /* Products */,
			);
			sourceTree = "<group>";
		};
		A7F549C823CDE81E00A14B54 /* Products */ = {
			isa = PBXGroup;
			children = (
				A7F549C723CDE81E00A14B54 /* NotaWebViewExt.framework */,
				A7F549D023CDE81E00A14B54 /* NotaWebViewExtTests.xctest */,
			);
			name = Products;
			sourceTree = "<group>";
		};
		A7F549C923CDE81E00A14B54 /* NotaWebViewExt */ = {
			isa = PBXGroup;
			children = (
				A7F549CA23CDE81E00A14B54 /* NotaWebViewExt.h */,
				A7F549CB23CDE81E00A14B54 /* Info.plist */,
				A7F549E323CDE8A700A14B54 /* Constants.swift */,
				A7F549E523CDE8DE00A14B54 /* WKWebviewCustomSchemeHandler.swift */,
			);
			path = NotaWebViewExt;
			sourceTree = "<group>";
		};
		A7F549D423CDE81E00A14B54 /* NotaWebViewExtTests */ = {
			isa = PBXGroup;
			children = (
				A7F549D523CDE81E00A14B54 /* NotaWebViewExtTests.swift */,
				A7F549D723CDE81E00A14B54 /* Info.plist */,
			);
			path = NotaWebViewExtTests;
			sourceTree = "<group>";
		};
/* End PBXGroup section */

/* Begin PBXHeadersBuildPhase section */
		A7F549C223CDE81E00A14B54 /* Headers */ = {
			isa = PBXHeadersBuildPhase;
			buildActionMask = 2147483647;
			files = (
				A7F549D823CDE81E00A14B54 /* NotaWebViewExt.h in Headers */,
			);
			runOnlyForDeploymentPostprocessing = 0;
		};
/* End PBXHeadersBuildPhase section */

/* Begin PBXNativeTarget section */
		A7F549C623CDE81E00A14B54 /* NotaWebViewExt */ = {
			isa = PBXNativeTarget;
			buildConfigurationList = A7F549DB23CDE81E00A14B54 /* Build configuration list for PBXNativeTarget "NotaWebViewExt" */;
			buildPhases = (
				A7F549C223CDE81E00A14B54 /* Headers */,
				A7F549C323CDE81E00A14B54 /* Sources */,
				A7F549C423CDE81E00A14B54 /* Frameworks */,
				A7F549C523CDE81E00A14B54 /* Resources */,
			);
			buildRules = (
			);
			dependencies = (
			);
			name = NotaWebViewExt;
			productName = NotaWebViewExt;
			productReference = A7F549C723CDE81E00A14B54 /* NotaWebViewExt.framework */;
			productType = "com.apple.product-type.framework";
		};
		A7F549CF23CDE81E00A14B54 /* NotaWebViewExtTests */ = {
			isa = PBXNativeTarget;
			buildConfigurationList = A7F549DE23CDE81E00A14B54 /* Build configuration list for PBXNativeTarget "NotaWebViewExtTests" */;
			buildPhases = (
				A7F549CC23CDE81E00A14B54 /* Sources */,
				A7F549CD23CDE81E00A14B54 /* Frameworks */,
				A7F549CE23CDE81E00A14B54 /* Resources */,
			);
			buildRules = (
			);
			dependencies = (
				A7F549D323CDE81E00A14B54 /* PBXTargetDependency */,
			);
			name = NotaWebViewExtTests;
			productName = NotaWebViewExtTests;
			productReference = A7F549D023CDE81E00A14B54 /* NotaWebViewExtTests.xctest */;
			productType = "com.apple.product-type.bundle.unit-test";
		};
/* End PBXNativeTarget section */

/* Begin PBXProject section */
		A7F549BE23CDE81E00A14B54 /* Project object */ = {
			isa = PBXProject;
			attributes = {
				LastSwiftUpdateCheck = 1120;
				LastUpgradeCheck = 1120;
				ORGANIZATIONNAME = "Morten Anton Bach Sjøgren";
				TargetAttributes = {
					A7F549C623CDE81E00A14B54 = {
						CreatedOnToolsVersion = 11.2.1;
						LastSwiftMigration = 1120;
					};
					A7F549CF23CDE81E00A14B54 = {
						CreatedOnToolsVersion = 11.2.1;
					};
				};
			};
			buildConfigurationList = A7F549C123CDE81E00A14B54 /* Build configuration list for PBXProject "NotaWebViewExt" */;
			compatibilityVersion = "Xcode 9.3";
			developmentRegion = en;
			hasScannedForEncodings = 0;
			knownRegions = (
				en,
				Base,
			);
			mainGroup = A7F549BD23CDE81E00A14B54;
			productRefGroup = A7F549C823CDE81E00A14B54 /* Products */;
			projectDirPath = "";
			projectRoot = "";
			targets = (
				A7F549C623CDE81E00A14B54 /* NotaWebViewExt */,
				A7F549CF23CDE81E00A14B54 /* NotaWebViewExtTests */,
			);
		};
/* End PBXProject section */

/* Begin PBXResourcesBuildPhase section */
		A7F549C523CDE81E00A14B54 /* Resources */ = {
			isa = PBXResourcesBuildPhase;
			buildActionMask = 2147483647;
			files = (
			);
			runOnlyForDeploymentPostprocessing = 0;
		};
		A7F549CE23CDE81E00A14B54 /* Resources */ = {
			isa = PBXResourcesBuildPhase;
			buildActionMask = 2147483647;
			files = (
			);
			runOnlyForDeploymentPostprocessing = 0;
		};
/* End PBXResourcesBuildPhase section */

/* Begin PBXSourcesBuildPhase section */
		A7F549C323CDE81E00A14B54 /* Sources */ = {
			isa = PBXSourcesBuildPhase;
			buildActionMask = 2147483647;
			files = (
				A7F549E623CDE8DE00A14B54 /* WKWebviewCustomSchemeHandler.swift in Sources */,
				A7F549E423CDE8A700A14B54 /* Constants.swift in Sources */,
			);
			runOnlyForDeploymentPostprocessing = 0;
		};
		A7F549CC23CDE81E00A14B54 /* Sources */ = {
			isa = PBXSourcesBuildPhase;
			buildActionMask = 2147483647;
			files = (
				A7F549D623CDE81E00A14B54 /* NotaWebViewExtTests.swift in Sources */,
			);
			runOnlyForDeploymentPostprocessing = 0;
		};
/* End PBXSourcesBuildPhase section */

/* Begin PBXTargetDependency section */
		A7F549D323CDE81E00A14B54 /* PBXTargetDependency */ = {
			isa = PBXTargetDependency;
			target = A7F549C623CDE81E00A14B54 /* NotaWebViewExt */;
			targetProxy = A7F549D223CDE81E00A14B54 /* PBXContainerItemProxy */;
		};
/* End PBXTargetDependency section */

/* Begin XCBuildConfiguration section */
		A7F549D923CDE81E00A14B54 /* Debug */ = {
			isa = XCBuildConfiguration;
			buildSettings = {
				ALWAYS_EMBED_SWIFT_STANDARD_LIBRARIES = YES;
				ALWAYS_SEARCH_USER_PATHS = NO;
				BUILD_LIBRARY_FOR_DISTRIBUTION = YES;
				CLANG_ANALYZER_NONNULL = YES;
				CLANG_ANALYZER_NUMBER_OBJECT_CONVERSION = YES_AGGRESSIVE;
				CLANG_CXX_LANGUAGE_STANDARD = "gnu++14";
				CLANG_CXX_LIBRARY = "libc++";
				CLANG_ENABLE_MODULES = YES;
				CLANG_ENABLE_OBJC_ARC = YES;
				CLANG_ENABLE_OBJC_WEAK = YES;
				CLANG_WARN_BLOCK_CAPTURE_AUTORELEASING = YES;
				CLANG_WARN_BOOL_CONVERSION = YES;
				CLANG_WARN_COMMA = YES;
				CLANG_WARN_CONSTANT_CONVERSION = YES;
				CLANG_WARN_DEPRECATED_OBJC_IMPLEMENTATIONS = YES;
				CLANG_WARN_DIRECT_OBJC_ISA_USAGE = YES_ERROR;
				CLANG_WARN_DOCUMENTATION_COMMENTS = YES;
				CLANG_WARN_EMPTY_BODY = YES;
				CLANG_WARN_ENUM_CONVERSION = YES;
				CLANG_WARN_INFINITE_RECURSION = YES;
				CLANG_WARN_INT_CONVERSION = YES;
				CLANG_WARN_NON_LITERAL_NULL_CONVERSION = YES;
				CLANG_WARN_OBJC_IMPLICIT_RETAIN_SELF = YES;
				CLANG_WARN_OBJC_LITERAL_CONVERSION = YES;
				CLANG_WARN_OBJC_ROOT_CLASS = YES_ERROR;
				CLANG_WARN_RANGE_LOOP_ANALYSIS = YES;
				CLANG_WARN_STRICT_PROTOTYPES = YES;
				CLANG_WARN_SUSPICIOUS_MOVE = YES;
				CLANG_WARN_UNGUARDED_AVAILABILITY = YES_AGGRESSIVE;
				CLANG_WARN_UNREACHABLE_CODE = YES;
				CLANG_WARN__DUPLICATE_METHOD_MATCH = YES;
				COPY_PHASE_STRIP = NO;
				CURRENT_PROJECT_VERSION = 1;
				DEBUG_INFORMATION_FORMAT = dwarf;
				ENABLE_STRICT_OBJC_MSGSEND = YES;
				ENABLE_TESTABILITY = YES;
				GCC_C_LANGUAGE_STANDARD = gnu11;
				GCC_DYNAMIC_NO_PIC = NO;
				GCC_NO_COMMON_BLOCKS = YES;
				GCC_OPTIMIZATION_LEVEL = 0;
				GCC_PREPROCESSOR_DEFINITIONS = (
					"DEBUG=1",
					"$(inherited)",
				);
				GCC_WARN_64_TO_32_BIT_CONVERSION = YES;
				GCC_WARN_ABOUT_RETURN_TYPE = YES_ERROR;
				GCC_WARN_UNDECLARED_SELECTOR = YES;
				GCC_WARN_UNINITIALIZED_AUTOS = YES_AGGRESSIVE;
				GCC_WARN_UNUSED_FUNCTION = YES;
				GCC_WARN_UNUSED_VARIABLE = YES;
				IPHONEOS_DEPLOYMENT_TARGET = 13.2;
				MTL_ENABLE_DEBUG_INFO = INCLUDE_SOURCE;
				MTL_FAST_MATH = YES;
				ONLY_ACTIVE_ARCH = YES;
				SDKROOT = iphoneos;
				SWIFT_ACTIVE_COMPILATION_CONDITIONS = DEBUG;
				SWIFT_OPTIMIZATION_LEVEL = "-Onone";
				VERSIONING_SYSTEM = "apple-generic";
				VERSION_INFO_PREFIX = "";
			};
			name = Debug;
		};
		A7F549DA23CDE81E00A14B54 /* Release */ = {
			isa = XCBuildConfiguration;
			buildSettings = {
				ALWAYS_EMBED_SWIFT_STANDARD_LIBRARIES = YES;
				ALWAYS_SEARCH_USER_PATHS = NO;
				BUILD_LIBRARY_FOR_DISTRIBUTION = YES;
				CLANG_ANALYZER_NONNULL = YES;
				CLANG_ANALYZER_NUMBER_OBJECT_CONVERSION = YES_AGGRESSIVE;
				CLANG_CXX_LANGUAGE_STANDARD = "gnu++14";
				CLANG_CXX_LIBRARY = "libc++";
				CLANG_ENABLE_MODULES = YES;
				CLANG_ENABLE_OBJC_ARC = YES;
				CLANG_ENABLE_OBJC_WEAK = YES;
				CLANG_WARN_BLOCK_CAPTURE_AUTORELEASING = YES;
				CLANG_WARN_BOOL_CONVERSION = YES;
				CLANG_WARN_COMMA = YES;
				CLANG_WARN_CONSTANT_CONVERSION = YES;
				CLANG_WARN_DEPRECATED_OBJC_IMPLEMENTATIONS = YES;
				CLANG_WARN_DIRECT_OBJC_ISA_USAGE = YES_ERROR;
				CLANG_WARN_DOCUMENTATION_COMMENTS = YES;
				CLANG_WARN_EMPTY_BODY = YES;
				CLANG_WARN_ENUM_CONVERSION = YES;
				CLANG_WARN_INFINITE_RECURSION = YES;
				CLANG_WARN_INT_CONVERSION = YES;
				CLANG_WARN_NON_LITERAL_NULL_CONVERSION = YES;
				CLANG_WARN_OBJC_IMPLICIT_RETAIN_SELF = YES;
				CLANG_WARN_OBJC_LITERAL_CONVERSION = YES;
				CLANG_WARN_OBJC_ROOT_CLASS = YES_ERROR;
				CLANG_WARN_RANGE_LOOP_ANALYSIS = YES;
				CLANG_WARN_STRICT_PROTOTYPES = YES;
				CLANG_WARN_SUSPICIOUS_MOVE = YES;
				CLANG_WARN_UNGUARDED_AVAILABILITY = YES_AGGRESSIVE;
				CLANG_WARN_UNREACHABLE_CODE = YES;
				CLANG_WARN__DUPLICATE_METHOD_MATCH = YES;
				COPY_PHASE_STRIP = NO;
				CURRENT_PROJECT_VERSION = 1;
				DEBUG_INFORMATION_FORMAT = "dwarf-with-dsym";
				ENABLE_NS_ASSERTIONS = NO;
				ENABLE_STRICT_OBJC_MSGSEND = YES;
				GCC_C_LANGUAGE_STANDARD = gnu11;
				GCC_NO_COMMON_BLOCKS = YES;
				GCC_WARN_64_TO_32_BIT_CONVERSION = YES;
				GCC_WARN_ABOUT_RETURN_TYPE = YES_ERROR;
				GCC_WARN_UNDECLARED_SELECTOR = YES;
				GCC_WARN_UNINITIALIZED_AUTOS = YES_AGGRESSIVE;
				GCC_WARN_UNUSED_FUNCTION = YES;
				GCC_WARN_UNUSED_VARIABLE = YES;
				IPHONEOS_DEPLOYMENT_TARGET = 13.2;
				MTL_ENABLE_DEBUG_INFO = NO;
				MTL_FAST_MATH = YES;
				SDKROOT = iphoneos;
				SWIFT_COMPILATION_MODE = wholemodule;
				SWIFT_OPTIMIZATION_LEVEL = "-O";
				VALIDATE_PRODUCT = YES;
				VERSIONING_SYSTEM = "apple-generic";
				VERSION_INFO_PREFIX = "";
			};
			name = Release;
		};
		A7F549DC23CDE81E00A14B54 /* Debug */ = {
			isa = XCBuildConfiguration;
			buildSettings = {
				CLANG_ENABLE_MODULES = YES;
				CODE_SIGN_STYLE = Automatic;
				DEFINES_MODULE = YES;
				DEVELOPMENT_TEAM = JVX5SR538Q;
				DYLIB_COMPATIBILITY_VERSION = 1;
				DYLIB_CURRENT_VERSION = 1;
				DYLIB_INSTALL_NAME_BASE = "@rpath";
				INFOPLIST_FILE = NotaWebViewExt/Info.plist;
				INSTALL_PATH = "$(LOCAL_LIBRARY_DIR)/Frameworks";
				LD_RUNPATH_SEARCH_PATHS = (
					"$(inherited)",
					"@executable_path/Frameworks",
					"@loader_path/Frameworks",
				);
				PRODUCT_BUNDLE_IDENTIFIER = dk.nota.NotaWebViewExt;
				PRODUCT_NAME = "$(TARGET_NAME:c99extidentifier)";
				SKIP_INSTALL = YES;
				SUPPORTS_MACCATALYST = NO;
				SWIFT_OPTIMIZATION_LEVEL = "-Onone";
				SWIFT_VERSION = 5.0;
				TARGETED_DEVICE_FAMILY = "1,2";
			};
			name = Debug;
		};
		A7F549DD23CDE81E00A14B54 /* Release */ = {
			isa = XCBuildConfiguration;
			buildSettings = {
				CLANG_ENABLE_MODULES = YES;
				CODE_SIGN_STYLE = Automatic;
				DEFINES_MODULE = YES;
				DEVELOPMENT_TEAM = JVX5SR538Q;
				DYLIB_COMPATIBILITY_VERSION = 1;
				DYLIB_CURRENT_VERSION = 1;
				DYLIB_INSTALL_NAME_BASE = "@rpath";
				INFOPLIST_FILE = NotaWebViewExt/Info.plist;
				INSTALL_PATH = "$(LOCAL_LIBRARY_DIR)/Frameworks";
				LD_RUNPATH_SEARCH_PATHS = (
					"$(inherited)",
					"@executable_path/Frameworks",
					"@loader_path/Frameworks",
				);
				PRODUCT_BUNDLE_IDENTIFIER = dk.nota.NotaWebViewExt;
				PRODUCT_NAME = "$(TARGET_NAME:c99extidentifier)";
				SKIP_INSTALL = YES;
				SUPPORTS_MACCATALYST = NO;
				SWIFT_VERSION = 5.0;
				TARGETED_DEVICE_FAMILY = "1,2";
			};
			name = Release;
		};
		A7F549DF23CDE81E00A14B54 /* Debug */ = {
			isa = XCBuildConfiguration;
			buildSettings = {
				ALWAYS_EMBED_SWIFT_STANDARD_LIBRARIES = YES;
				CODE_SIGN_STYLE = Automatic;
				DEVELOPMENT_TEAM = JVX5SR538Q;
				INFOPLIST_FILE = NotaWebViewExtTests/Info.plist;
				LD_RUNPATH_SEARCH_PATHS = (
					"$(inherited)",
					"@executable_path/Frameworks",
					"@loader_path/Frameworks",
				);
				PRODUCT_BUNDLE_IDENTIFIER = dk.nota.NotaWebViewExtTests;
				PRODUCT_NAME = "$(TARGET_NAME)";
				SWIFT_VERSION = 5.0;
				TARGETED_DEVICE_FAMILY = "1,2";
			};
			name = Debug;
		};
		A7F549E023CDE81E00A14B54 /* Release */ = {
			isa = XCBuildConfiguration;
			buildSettings = {
				ALWAYS_EMBED_SWIFT_STANDARD_LIBRARIES = YES;
				CODE_SIGN_STYLE = Automatic;
				DEVELOPMENT_TEAM = JVX5SR538Q;
				INFOPLIST_FILE = NotaWebViewExtTests/Info.plist;
				LD_RUNPATH_SEARCH_PATHS = (
					"$(inherited)",
					"@executable_path/Frameworks",
					"@loader_path/Frameworks",
				);
				PRODUCT_BUNDLE_IDENTIFIER = dk.nota.NotaWebViewExtTests;
				PRODUCT_NAME = "$(TARGET_NAME)";
				SWIFT_VERSION = 5.0;
				TARGETED_DEVICE_FAMILY = "1,2";
			};
			name = Release;
		};
/* End XCBuildConfiguration section */

/* Begin XCConfigurationList section */
		A7F549C123CDE81E00A14B54 /* Build configuration list for PBXProject "NotaWebViewExt" */ = {
			isa = XCConfigurationList;
			buildConfigurations = (
				A7F549D923CDE81E00A14B54 /* Debug */,
				A7F549DA23CDE81E00A14B54 /* Release */,
			);
			defaultConfigurationIsVisible = 0;
			defaultConfigurationName = Release;
		};
		A7F549DB23CDE81E00A14B54 /* Build configuration list for PBXNativeTarget "NotaWebViewExt" */ = {
			isa = XCConfigurationList;
			buildConfigurations = (
				A7F549DC23CDE81E00A14B54 /* Debug */,
				A7F549DD23CDE81E00A14B54 /* Release */,
			);
			defaultConfigurationIsVisible = 0;
			defaultConfigurationName = Release;
		};
		A7F549DE23CDE81E00A14B54 /* Build configuration list for PBXNativeTarget "NotaWebViewExtTests" */ = {
			isa = XCConfigurationList;
			buildConfigurations = (
				A7F549DF23CDE81E00A14B54 /* Debug */,
				A7F549E023CDE81E00A14B54 /* Release */,
			);
			defaultConfigurationIsVisible = 0;
			defaultConfigurationName = Release;
		};
/* End XCConfigurationList section */
	};
	rootObject = A7F549BE23CDE81E00A14B54 /* Project object */;
}
